// !$*UTF8*$!
{
	archiveVersion = 1;
	classes = {
	};
	objectVersion = 51;
	objects = {

/* Begin PBXBuildFile section */
		6E4D202224C6DC3600B1672A /* VideosTableCell.swift in Sources */ = {isa = PBXBuildFile; fileRef = 6E4D202024C6DC3600B1672A /* VideosTableCell.swift */; };
		6E4D202324C6DC3600B1672A /* VideosTableCell.xib in Resources */ = {isa = PBXBuildFile; fileRef = 6E4D202124C6DC3600B1672A /* VideosTableCell.xib */; };
		6E4D202524C6DC6C00B1672A /* MainSceneView.swift in Sources */ = {isa = PBXBuildFile; fileRef = 6E4D202424C6DC6C00B1672A /* MainSceneView.swift */; };
		6E4D202824C6DD1A00B1672A /* +NSObject.swift in Sources */ = {isa = PBXBuildFile; fileRef = 6E4D202724C6DD1A00B1672A /* +NSObject.swift */; };
		6E4D202A24C6E33000B1672A /* Videos.swift in Sources */ = {isa = PBXBuildFile; fileRef = 6E4D202924C6E33000B1672A /* Videos.swift */; };
		6E4D202E24C6E40700B1672A /* VideosRepository.swift in Sources */ = {isa = PBXBuildFile; fileRef = 6E4D202D24C6E40700B1672A /* VideosRepository.swift */; };
		6E4D203024C6E42400B1672A /* VideosRemoteRepository.swift in Sources */ = {isa = PBXBuildFile; fileRef = 6E4D202F24C6E42400B1672A /* VideosRemoteRepository.swift */; };
		6E4D203224C6E60200B1672A /* +URL.swift in Sources */ = {isa = PBXBuildFile; fileRef = 6E4D203124C6E60200B1672A /* +URL.swift */; };
		6E4D203424C6E63A00B1672A /* +URLRequest.swift in Sources */ = {isa = PBXBuildFile; fileRef = 6E4D203324C6E63A00B1672A /* +URLRequest.swift */; };
		6E4D203724C6E6EE00B1672A /* WebService.swift in Sources */ = {isa = PBXBuildFile; fileRef = 6E4D203624C6E6EE00B1672A /* WebService.swift */; };
		6E4D203924C6EC7100B1672A /* NetworkErrors.swift in Sources */ = {isa = PBXBuildFile; fileRef = 6E4D203824C6EC7100B1672A /* NetworkErrors.swift */; };
		6E4D203B24C6F3ED00B1672A /* VideosListViewModel.swift in Sources */ = {isa = PBXBuildFile; fileRef = 6E4D203A24C6F3ED00B1672A /* VideosListViewModel.swift */; };
		6E4D204024C7053800B1672A /* AlertsBuilder.swift in Sources */ = {isa = PBXBuildFile; fileRef = 6E4D203F24C7053400B1672A /* AlertsBuilder.swift */; };
		6ED1247C24C64844007A6DD6 /* AppDelegate.swift in Sources */ = {isa = PBXBuildFile; fileRef = 6ED1247B24C64844007A6DD6 /* AppDelegate.swift */; };
		6ED1247E24C64844007A6DD6 /* SceneDelegate.swift in Sources */ = {isa = PBXBuildFile; fileRef = 6ED1247D24C64844007A6DD6 /* SceneDelegate.swift */; };
		6ED1248024C64844007A6DD6 /* MainSceneController.swift in Sources */ = {isa = PBXBuildFile; fileRef = 6ED1247F24C64844007A6DD6 /* MainSceneController.swift */; };
		6ED1248324C64844007A6DD6 /* Main.storyboard in Resources */ = {isa = PBXBuildFile; fileRef = 6ED1248124C64844007A6DD6 /* Main.storyboard */; };
		6ED1248524C64849007A6DD6 /* Assets.xcassets in Resources */ = {isa = PBXBuildFile; fileRef = 6ED1248424C64849007A6DD6 /* Assets.xcassets */; };
		6ED1248824C64849007A6DD6 /* LaunchScreen.storyboard in Resources */ = {isa = PBXBuildFile; fileRef = 6ED1248624C64849007A6DD6 /* LaunchScreen.storyboard */; };
		6ED1249724C64E99007A6DD6 /* Default-568h@2x.png in Resources */ = {isa = PBXBuildFile; fileRef = 6ED1249624C64E99007A6DD6 /* Default-568h@2x.png */; };
/* End PBXBuildFile section */

/* Begin PBXFileReference section */
		6E4D202024C6DC3600B1672A /* VideosTableCell.swift */ = {isa = PBXFileReference; lastKnownFileType = sourcecode.swift; path = VideosTableCell.swift; sourceTree = "<group>"; };
		6E4D202124C6DC3600B1672A /* VideosTableCell.xib */ = {isa = PBXFileReference; lastKnownFileType = file.xib; path = VideosTableCell.xib; sourceTree = "<group>"; };
		6E4D202424C6DC6C00B1672A /* MainSceneView.swift */ = {isa = PBXFileReference; lastKnownFileType = sourcecode.swift; path = MainSceneView.swift; sourceTree = "<group>"; };
		6E4D202724C6DD1A00B1672A /* +NSObject.swift */ = {isa = PBXFileReference; fileEncoding = 4; lastKnownFileType = sourcecode.swift; path = "+NSObject.swift"; sourceTree = "<group>"; };
		6E4D202924C6E33000B1672A /* Videos.swift */ = {isa = PBXFileReference; lastKnownFileType = sourcecode.swift; path = Videos.swift; sourceTree = "<group>"; };
		6E4D202D24C6E40700B1672A /* VideosRepository.swift */ = {isa = PBXFileReference; lastKnownFileType = sourcecode.swift; path = VideosRepository.swift; sourceTree = "<group>"; };
		6E4D202F24C6E42400B1672A /* VideosRemoteRepository.swift */ = {isa = PBXFileReference; lastKnownFileType = sourcecode.swift; path = VideosRemoteRepository.swift; sourceTree = "<group>"; };
		6E4D203124C6E60200B1672A /* +URL.swift */ = {isa = PBXFileReference; lastKnownFileType = sourcecode.swift; path = "+URL.swift"; sourceTree = "<group>"; };
		6E4D203324C6E63A00B1672A /* +URLRequest.swift */ = {isa = PBXFileReference; lastKnownFileType = sourcecode.swift; path = "+URLRequest.swift"; sourceTree = "<group>"; };
		6E4D203624C6E6EE00B1672A /* WebService.swift */ = {isa = PBXFileReference; lastKnownFileType = sourcecode.swift; path = WebService.swift; sourceTree = "<group>"; };
		6E4D203824C6EC7100B1672A /* NetworkErrors.swift */ = {isa = PBXFileReference; lastKnownFileType = sourcecode.swift; path = NetworkErrors.swift; sourceTree = "<group>"; };
		6E4D203A24C6F3ED00B1672A /* VideosListViewModel.swift */ = {isa = PBXFileReference; lastKnownFileType = sourcecode.swift; path = VideosListViewModel.swift; sourceTree = "<group>"; };
		6E4D203F24C7053400B1672A /* AlertsBuilder.swift */ = {isa = PBXFileReference; lastKnownFileType = sourcecode.swift; path = AlertsBuilder.swift; sourceTree = "<group>"; };
		6ED1247824C64844007A6DD6 /* InternshipsAssessment.app */ = {isa = PBXFileReference; explicitFileType = wrapper.application; includeInIndex = 0; path = InternshipsAssessment.app; sourceTree = BUILT_PRODUCTS_DIR; };
		6ED1247B24C64844007A6DD6 /* AppDelegate.swift */ = {isa = PBXFileReference; lastKnownFileType = sourcecode.swift; path = AppDelegate.swift; sourceTree = "<group>"; };
		6ED1247D24C64844007A6DD6 /* SceneDelegate.swift */ = {isa = PBXFileReference; lastKnownFileType = sourcecode.swift; path = SceneDelegate.swift; sourceTree = "<group>"; };
		6ED1247F24C64844007A6DD6 /* MainSceneController.swift */ = {isa = PBXFileReference; lastKnownFileType = sourcecode.swift; path = MainSceneController.swift; sourceTree = "<group>"; };
		6ED1248224C64844007A6DD6 /* Base */ = {isa = PBXFileReference; lastKnownFileType = file.storyboard; name = Base; path = Base.lproj/Main.storyboard; sourceTree = "<group>"; };
		6ED1248424C64849007A6DD6 /* Assets.xcassets */ = {isa = PBXFileReference; lastKnownFileType = folder.assetcatalog; path = Assets.xcassets; sourceTree = "<group>"; };
		6ED1248724C64849007A6DD6 /* Base */ = {isa = PBXFileReference; lastKnownFileType = file.storyboard; name = Base; path = Base.lproj/LaunchScreen.storyboard; sourceTree = "<group>"; };
		6ED1248924C64849007A6DD6 /* Info.plist */ = {isa = PBXFileReference; lastKnownFileType = text.plist.xml; path = Info.plist; sourceTree = "<group>"; };
		6ED1249624C64E99007A6DD6 /* Default-568h@2x.png */ = {isa = PBXFileReference; lastKnownFileType = image.png; path = "Default-568h@2x.png"; sourceTree = "<group>"; };
		803D7EE7EB9883C93C424B9B /* Pods-InternshipsAssessment.debug.xcconfig */ = {isa = PBXFileReference; includeInIndex = 1; lastKnownFileType = text.xcconfig; name = "Pods-InternshipsAssessment.debug.xcconfig"; path = "Target Support Files/Pods-InternshipsAssessment/Pods-InternshipsAssessment.debug.xcconfig"; sourceTree = "<group>"; };
		FFB2F06F4C98E6D49E07BE39 /* Pods-InternshipsAssessment.release.xcconfig */ = {isa = PBXFileReference; includeInIndex = 1; lastKnownFileType = text.xcconfig; name = "Pods-InternshipsAssessment.release.xcconfig"; path = "Target Support Files/Pods-InternshipsAssessment/Pods-InternshipsAssessment.release.xcconfig"; sourceTree = "<group>"; };
/* End PBXFileReference section */

/* Begin PBXFrameworksBuildPhase section */
		6ED1247524C64844007A6DD6 /* Frameworks */ = {
			isa = PBXFrameworksBuildPhase;
			buildActionMask = 2147483647;
			files = (
			);
			runOnlyForDeploymentPostprocessing = 0;
		};
/* End PBXFrameworksBuildPhase section */

/* Begin PBXGroup section */
		68B136EA18420237B5693466 /* Pods */ = {
			isa = PBXGroup;
			children = (
				803D7EE7EB9883C93C424B9B /* Pods-InternshipsAssessment.debug.xcconfig */,
				FFB2F06F4C98E6D49E07BE39 /* Pods-InternshipsAssessment.release.xcconfig */,
			);
			path = Pods;
			sourceTree = "<group>";
		};
		6E4D201D24C6DBA100B1672A /* CustomViews */ = {
			isa = PBXGroup;
			children = (
				6E4D201E24C6DBB400B1672A /* Cells */,
			);
			path = CustomViews;
			sourceTree = "<group>";
		};
		6E4D201E24C6DBB400B1672A /* Cells */ = {
			isa = PBXGroup;
			children = (
				6E4D201F24C6DBD800B1672A /* VideosTableCell */,
			);
			path = Cells;
			sourceTree = "<group>";
		};
		6E4D201F24C6DBD800B1672A /* VideosTableCell */ = {
			isa = PBXGroup;
			children = (
				6E4D202024C6DC3600B1672A /* VideosTableCell.swift */,
				6E4D202124C6DC3600B1672A /* VideosTableCell.xib */,
			);
			path = VideosTableCell;
			sourceTree = "<group>";
		};
		6E4D202624C6DCFB00B1672A /* Extensions */ = {
			isa = PBXGroup;
			children = (
				6E4D202724C6DD1A00B1672A /* +NSObject.swift */,
				6E4D203124C6E60200B1672A /* +URL.swift */,
				6E4D203324C6E63A00B1672A /* +URLRequest.swift */,
			);
			path = Extensions;
			sourceTree = "<group>";
		};
		6E4D202B24C6E3A300B1672A /* Videos */ = {
			isa = PBXGroup;
			children = (
				6E4D202924C6E33000B1672A /* Videos.swift */,
				6E4D202C24C6E3B400B1672A /* Repositories */,
			);
			path = Videos;
			sourceTree = "<group>";
		};
		6E4D202C24C6E3B400B1672A /* Repositories */ = {
			isa = PBXGroup;
			children = (
				6E4D202D24C6E40700B1672A /* VideosRepository.swift */,
				6E4D202F24C6E42400B1672A /* VideosRemoteRepository.swift */,
			);
			path = Repositories;
			sourceTree = "<group>";
		};
		6E4D203524C6E6BB00B1672A /* WebService */ = {
			isa = PBXGroup;
			children = (
				6E4D203624C6E6EE00B1672A /* WebService.swift */,
				6E4D203824C6EC7100B1672A /* NetworkErrors.swift */,
			);
			path = WebService;
			sourceTree = "<group>";
		};
		6ED1246F24C64844007A6DD6 = {
			isa = PBXGroup;
			children = (
				6ED1247A24C64844007A6DD6 /* InternshipsAssessment */,
				6ED1247924C64844007A6DD6 /* Products */,
				68B136EA18420237B5693466 /* Pods */,
			);
			sourceTree = "<group>";
		};
		6ED1247924C64844007A6DD6 /* Products */ = {
			isa = PBXGroup;
			children = (
				6ED1247824C64844007A6DD6 /* InternshipsAssessment.app */,
			);
			name = Products;
			sourceTree = "<group>";
		};
		6ED1247A24C64844007A6DD6 /* InternshipsAssessment */ = {
			isa = PBXGroup;
			children = (
				6ED1248924C64849007A6DD6 /* Info.plist */,
				6ED1249324C64E0C007A6DD6 /* Configuration */,
				6ED1249024C64DA1007A6DD6 /* Core */,
				6ED1249924C64F2D007A6DD6 /* Model */,
				6ED1248F24C64D91007A6DD6 /* Resources */,
				6ED1249224C64DD2007A6DD6 /* Scenes */,
				6ED1249424C64E37007A6DD6 /* Utilities */,
			);
			path = InternshipsAssessment;
			sourceTree = "<group>";
		};
		6ED1248F24C64D91007A6DD6 /* Resources */ = {
			isa = PBXGroup;
			children = (
				6ED1248424C64849007A6DD6 /* Assets.xcassets */,
			);
			path = Resources;
			sourceTree = "<group>";
		};
		6ED1249024C64DA1007A6DD6 /* Core */ = {
			isa = PBXGroup;
			children = (
				6ED1247B24C64844007A6DD6 /* AppDelegate.swift */,
				6ED1247D24C64844007A6DD6 /* SceneDelegate.swift */,
			);
			path = Core;
			sourceTree = "<group>";
		};
		6ED1249224C64DD2007A6DD6 /* Scenes */ = {
			isa = PBXGroup;
			children = (
				6ED1248624C64849007A6DD6 /* LaunchScreen.storyboard */,
				6ED1249524C64E58007A6DD6 /* MainScene */,
			);
			path = Scenes;
			sourceTree = "<group>";
		};
		6ED1249324C64E0C007A6DD6 /* Configuration */ = {
			isa = PBXGroup;
			children = (
				6ED1249624C64E99007A6DD6 /* Default-568h@2x.png */,
			);
			path = Configuration;
			sourceTree = "<group>";
		};
		6ED1249424C64E37007A6DD6 /* Utilities */ = {
			isa = PBXGroup;
			children = (
				6E4D203F24C7053400B1672A /* AlertsBuilder.swift */,
				6E4D203524C6E6BB00B1672A /* WebService */,
				6E4D202624C6DCFB00B1672A /* Extensions */,
			);
			name = Utilities;
			path = ../../../../../../../../../Users/sherif.eldeeb/Documents/Projects/InternshipsAssessment/InternshipsAssessment/Utilities;
			sourceTree = SDKROOT;
		};
		6ED1249524C64E58007A6DD6 /* MainScene */ = {
			isa = PBXGroup;
			children = (
				6E4D201D24C6DBA100B1672A /* CustomViews */,
				6ED1248124C64844007A6DD6 /* Main.storyboard */,
				6ED1247F24C64844007A6DD6 /* MainSceneController.swift */,
				6E4D202424C6DC6C00B1672A /* MainSceneView.swift */,
				6E4D203A24C6F3ED00B1672A /* VideosListViewModel.swift */,
			);
			path = MainScene;
			sourceTree = "<group>";
		};
		6ED1249924C64F2D007A6DD6 /* Model */ = {
			isa = PBXGroup;
			children = (
				6E4D202B24C6E3A300B1672A /* Videos */,
			);
			path = Model;
			sourceTree = "<group>";
		};
/* End PBXGroup section */

/* Begin PBXNativeTarget section */
		6ED1247724C64844007A6DD6 /* InternshipsAssessment */ = {
			isa = PBXNativeTarget;
			buildConfigurationList = 6ED1248C24C64849007A6DD6 /* Build configuration list for PBXNativeTarget "InternshipsAssessment" */;
			buildPhases = (
				681CAF6D8262AAF7A16B126E /* [CP] Check Pods Manifest.lock */,
				6ED1247424C64844007A6DD6 /* Sources */,
				6ED1247524C64844007A6DD6 /* Frameworks */,
				6ED1247624C64844007A6DD6 /* Resources */,
				E00C418C4D48A37B40ECD347 /* [CP] Embed Pods Frameworks */,
			);
			buildRules = (
			);
			dependencies = (
			);
			name = InternshipsAssessment;
			productName = InternshipsAssessment;
			productReference = 6ED1247824C64844007A6DD6 /* InternshipsAssessment.app */;
			productType = "com.apple.product-type.application";
		};
/* End PBXNativeTarget section */

/* Begin PBXProject section */
		6ED1247024C64844007A6DD6 /* Project object */ = {
			isa = PBXProject;
			attributes = {
				LastSwiftUpdateCheck = 1120;
				LastUpgradeCheck = 1120;
				ORGANIZATIONNAME = "Sherif Eldeeb";
				TargetAttributes = {
					6ED1247724C64844007A6DD6 = {
						CreatedOnToolsVersion = 11.2;
					};
				};
			};
			buildConfigurationList = 6ED1247324C64844007A6DD6 /* Build configuration list for PBXProject "InternshipsAssessment" */;
			compatibilityVersion = "Xcode 9.3";
			developmentRegion = en;
			hasScannedForEncodings = 0;
			knownRegions = (
				en,
				Base,
			);
			mainGroup = 6ED1246F24C64844007A6DD6;
			productRefGroup = 6ED1247924C64844007A6DD6 /* Products */;
			projectDirPath = "";
			projectRoot = "";
			targets = (
				6ED1247724C64844007A6DD6 /* InternshipsAssessment */,
			);
		};
/* End PBXProject section */

/* Begin PBXResourcesBuildPhase section */
		6ED1247624C64844007A6DD6 /* Resources */ = {
			isa = PBXResourcesBuildPhase;
			buildActionMask = 2147483647;
			files = (
				6ED1248824C64849007A6DD6 /* LaunchScreen.storyboard in Resources */,
				6ED1249724C64E99007A6DD6 /* Default-568h@2x.png in Resources */,
				6E4D202324C6DC3600B1672A /* VideosTableCell.xib in Resources */,
				6ED1248524C64849007A6DD6 /* Assets.xcassets in Resources */,
				6ED1248324C64844007A6DD6 /* Main.storyboard in Resources */,
			);
			runOnlyForDeploymentPostprocessing = 0;
		};
/* End PBXResourcesBuildPhase section */

/* Begin PBXShellScriptBuildPhase section */
		681CAF6D8262AAF7A16B126E /* [CP] Check Pods Manifest.lock */ = {
			isa = PBXShellScriptBuildPhase;
			buildActionMask = 2147483647;
			files = (
			);
			inputFileListPaths = (
			);
			inputPaths = (
				"${PODS_PODFILE_DIR_PATH}/Podfile.lock",
				"${PODS_ROOT}/Manifest.lock",
			);
			name = "[CP] Check Pods Manifest.lock";
			outputFileListPaths = (
			);
			outputPaths = (
				"$(DERIVED_FILE_DIR)/Pods-InternshipsAssessment-checkManifestLockResult.txt",
			);
			runOnlyForDeploymentPostprocessing = 0;
			shellPath = /bin/sh;
			shellScript = "diff \"${PODS_PODFILE_DIR_PATH}/Podfile.lock\" \"${PODS_ROOT}/Manifest.lock\" > /dev/null\nif [ $? != 0 ] ; then\n    # print error to STDERR\n    echo \"error: The sandbox is not in sync with the Podfile.lock. Run 'pod install' or update your CocoaPods installation.\" >&2\n    exit 1\nfi\n# This output is used by Xcode 'outputs' to avoid re-running this script phase.\necho \"SUCCESS\" > \"${SCRIPT_OUTPUT_FILE_0}\"\n";
			showEnvVarsInLog = 0;
		};
		E00C418C4D48A37B40ECD347 /* [CP] Embed Pods Frameworks */ = {
			isa = PBXShellScriptBuildPhase;
			buildActionMask = 2147483647;
			files = (
			);
			inputFileListPaths = (
				"${PODS_ROOT}/Target Support Files/Pods-InternshipsAssessment/Pods-InternshipsAssessment-frameworks-${CONFIGURATION}-input-files.xcfilelist",
			);
			name = "[CP] Embed Pods Frameworks";
			outputFileListPaths = (
				"${PODS_ROOT}/Target Support Files/Pods-InternshipsAssessment/Pods-InternshipsAssessment-frameworks-${CONFIGURATION}-output-files.xcfilelist",
			);
			runOnlyForDeploymentPostprocessing = 0;
			shellPath = /bin/sh;
			shellScript = "\"${PODS_ROOT}/Target Support Files/Pods-InternshipsAssessment/Pods-InternshipsAssessment-frameworks.sh\"\n";
			showEnvVarsInLog = 0;
		};
/* End PBXShellScriptBuildPhase section */

/* Begin PBXSourcesBuildPhase section */
		6ED1247424C64844007A6DD6 /* Sources */ = {
			isa = PBXSourcesBuildPhase;
			buildActionMask = 2147483647;
			files = (
				6E4D203B24C6F3ED00B1672A /* VideosListViewModel.swift in Sources */,
				6ED1248024C64844007A6DD6 /* MainSceneController.swift in Sources */,
				6E4D202824C6DD1A00B1672A /* +NSObject.swift in Sources */,
				6E4D203224C6E60200B1672A /* +URL.swift in Sources */,
				6ED1247C24C64844007A6DD6 /* AppDelegate.swift in Sources */,
				6E4D202E24C6E40700B1672A /* VideosRepository.swift in Sources */,
				6E4D203424C6E63A00B1672A /* +URLRequest.swift in Sources */,
				6E4D203724C6E6EE00B1672A /* WebService.swift in Sources */,
				6E4D202A24C6E33000B1672A /* Videos.swift in Sources */,
				6E4D203924C6EC7100B1672A /* NetworkErrors.swift in Sources */,
				6E4D204024C7053800B1672A /* AlertsBuilder.swift in Sources */,
				6E4D202224C6DC3600B1672A /* VideosTableCell.swift in Sources */,
				6E4D202524C6DC6C00B1672A /* MainSceneView.swift in Sources */,
				6E4D203024C6E42400B1672A /* VideosRemoteRepository.swift in Sources */,
				6ED1247E24C64844007A6DD6 /* SceneDelegate.swift in Sources */,
			);
			runOnlyForDeploymentPostprocessing = 0;
		};
/* End PBXSourcesBuildPhase section */

/* Begin PBXVariantGroup section */
		6ED1248124C64844007A6DD6 /* Main.storyboard */ = {
			isa = PBXVariantGroup;
			children = (
				6ED1248224C64844007A6DD6 /* Base */,
			);
			name = Main.storyboard;
			sourceTree = "<group>";
		};
		6ED1248624C64849007A6DD6 /* LaunchScreen.storyboard */ = {
			isa = PBXVariantGroup;
			children = (
				6ED1248724C64849007A6DD6 /* Base */,
			);
			name = LaunchScreen.storyboard;
			sourceTree = "<group>";
		};
/* End PBXVariantGroup section */

/* Begin XCBuildConfiguration section */
		6ED1248A24C64849007A6DD6 /* Debug */ = {
			isa = XCBuildConfiguration;
			buildSettings = {
				ALWAYS_SEARCH_USER_PATHS = NO;
				CLANG_ANALYZER_NONNULL = YES;
				CLANG_ANALYZER_NUMBER_OBJECT_CONVERSION = YES_AGGRESSIVE;
				CLANG_CXX_LANGUAGE_STANDARD = "gnu++14";
				CLANG_CXX_LIBRARY = "libc++";
				CLANG_ENABLE_MODULES = YES;
				CLANG_ENABLE_OBJC_ARC = YES;
				CLANG_ENABLE_OBJC_WEAK = YES;
				CLANG_WARN_BLOCK_CAPTURE_AUTORELEASING = YES;
				CLANG_WARN_BOOL_CONVERSION = YES;
				CLANG_WARN_COMMA = YES;
				CLANG_WARN_CONSTANT_CONVERSION = YES;
				CLANG_WARN_DEPRECATED_OBJC_IMPLEMENTATIONS = YES;
				CLANG_WARN_DIRECT_OBJC_ISA_USAGE = YES_ERROR;
				CLANG_WARN_DOCUMENTATION_COMMENTS = YES;
				CLANG_WARN_EMPTY_BODY = YES;
				CLANG_WARN_ENUM_CONVERSION = YES;
				CLANG_WARN_INFINITE_RECURSION = YES;
				CLANG_WARN_INT_CONVERSION = YES;
				CLANG_WARN_NON_LITERAL_NULL_CONVERSION = YES;
				CLANG_WARN_OBJC_IMPLICIT_RETAIN_SELF = YES;
				CLANG_WARN_OBJC_LITERAL_CONVERSION = YES;
				CLANG_WARN_OBJC_ROOT_CLASS = YES_ERROR;
				CLANG_WARN_RANGE_LOOP_ANALYSIS = YES;
				CLANG_WARN_STRICT_PROTOTYPES = YES;
				CLANG_WARN_SUSPICIOUS_MOVE = YES;
				CLANG_WARN_UNGUARDED_AVAILABILITY = YES_AGGRESSIVE;
				CLANG_WARN_UNREACHABLE_CODE = YES;
				CLANG_WARN__DUPLICATE_METHOD_MATCH = YES;
				COPY_PHASE_STRIP = NO;
				DEBUG_INFORMATION_FORMAT = dwarf;
				ENABLE_STRICT_OBJC_MSGSEND = YES;
				ENABLE_TESTABILITY = YES;
				GCC_C_LANGUAGE_STANDARD = gnu11;
				GCC_DYNAMIC_NO_PIC = NO;
				GCC_NO_COMMON_BLOCKS = YES;
				GCC_OPTIMIZATION_LEVEL = 0;
				GCC_PREPROCESSOR_DEFINITIONS = (
					"DEBUG=1",
					"$(inherited)",
				);
				GCC_WARN_64_TO_32_BIT_CONVERSION = YES;
				GCC_WARN_ABOUT_RETURN_TYPE = YES_ERROR;
				GCC_WARN_UNDECLARED_SELECTOR = YES;
				GCC_WARN_UNINITIALIZED_AUTOS = YES_AGGRESSIVE;
				GCC_WARN_UNUSED_FUNCTION = YES;
				GCC_WARN_UNUSED_VARIABLE = YES;
				IPHONEOS_DEPLOYMENT_TARGET = 13.2;
				MTL_ENABLE_DEBUG_INFO = INCLUDE_SOURCE;
				MTL_FAST_MATH = YES;
				ONLY_ACTIVE_ARCH = YES;
				SDKROOT = iphoneos;
				SWIFT_ACTIVE_COMPILATION_CONDITIONS = DEBUG;
				SWIFT_OPTIMIZATION_LEVEL = "-Onone";
			};
			name = Debug;
		};
		6ED1248B24C64849007A6DD6 /* Release */ = {
			isa = XCBuildConfiguration;
			buildSettings = {
				ALWAYS_SEARCH_USER_PATHS = NO;
				CLANG_ANALYZER_NONNULL = YES;
				CLANG_ANALYZER_NUMBER_OBJECT_CONVERSION = YES_AGGRESSIVE;
				CLANG_CXX_LANGUAGE_STANDARD = "gnu++14";
				CLANG_CXX_LIBRARY = "libc++";
				CLANG_ENABLE_MODULES = YES;
				CLANG_ENABLE_OBJC_ARC = YES;
				CLANG_ENABLE_OBJC_WEAK = YES;
				CLANG_WARN_BLOCK_CAPTURE_AUTORELEASING = YES;
				CLANG_WARN_BOOL_CONVERSION = YES;
				CLANG_WARN_COMMA = YES;
				CLANG_WARN_CONSTANT_CONVERSION = YES;
				CLANG_WARN_DEPRECATED_OBJC_IMPLEMENTATIONS = YES;
				CLANG_WARN_DIRECT_OBJC_ISA_USAGE = YES_ERROR;
				CLANG_WARN_DOCUMENTATION_COMMENTS = YES;
				CLANG_WARN_EMPTY_BODY = YES;
				CLANG_WARN_ENUM_CONVERSION = YES;
				CLANG_WARN_INFINITE_RECURSION = YES;
				CLANG_WARN_INT_CONVERSION = YES;
				CLANG_WARN_NON_LITERAL_NULL_CONVERSION = YES;
				CLANG_WARN_OBJC_IMPLICIT_RETAIN_SELF = YES;
				CLANG_WARN_OBJC_LITERAL_CONVERSION = YES;
				CLANG_WARN_OBJC_ROOT_CLASS = YES_ERROR;
				CLANG_WARN_RANGE_LOOP_ANALYSIS = YES;
				CLANG_WARN_STRICT_PROTOTYPES = YES;
				CLANG_WARN_SUSPICIOUS_MOVE = YES;
				CLANG_WARN_UNGUARDED_AVAILABILITY = YES_AGGRESSIVE;
				CLANG_WARN_UNREACHABLE_CODE = YES;
				CLANG_WARN__DUPLICATE_METHOD_MATCH = YES;
				COPY_PHASE_STRIP = NO;
				DEBUG_INFORMATION_FORMAT = "dwarf-with-dsym";
				ENABLE_NS_ASSERTIONS = NO;
				ENABLE_STRICT_OBJC_MSGSEND = YES;
				GCC_C_LANGUAGE_STANDARD = gnu11;
				GCC_NO_COMMON_BLOCKS = YES;
				GCC_WARN_64_TO_32_BIT_CONVERSION = YES;
				GCC_WARN_ABOUT_RETURN_TYPE = YES_ERROR;
				GCC_WARN_UNDECLARED_SELECTOR = YES;
				GCC_WARN_UNINITIALIZED_AUTOS = YES_AGGRESSIVE;
				GCC_WARN_UNUSED_FUNCTION = YES;
				GCC_WARN_UNUSED_VARIABLE = YES;
				IPHONEOS_DEPLOYMENT_TARGET = 13.2;
				MTL_ENABLE_DEBUG_INFO = NO;
				MTL_FAST_MATH = YES;
				SDKROOT = iphoneos;
				SWIFT_COMPILATION_MODE = wholemodule;
				SWIFT_OPTIMIZATION_LEVEL = "-O";
				VALIDATE_PRODUCT = YES;
			};
			name = Release;
		};
		6ED1248D24C64849007A6DD6 /* Debug */ = {
			isa = XCBuildConfiguration;
			baseConfigurationReference = 803D7EE7EB9883C93C424B9B /* Pods-InternshipsAssessment.debug.xcconfig */;
			buildSettings = {
				ASSETCATALOG_COMPILER_APPICON_NAME = AppIcon;
				CODE_SIGN_STYLE = Automatic;
				DEVELOPMENT_TEAM = 8G56JB8SSS;
				INFOPLIST_FILE = InternshipsAssessment/Info.plist;
				LD_RUNPATH_SEARCH_PATHS = (
					"$(inherited)",
					"@executable_path/Frameworks",
				);
				PRODUCT_BUNDLE_IDENTIFIER = eldeeb.sherif.InternshipsAssessment;
				PRODUCT_NAME = "$(TARGET_NAME)";
				SWIFT_VERSION = 5.0;
				TARGETED_DEVICE_FAMILY = "1,2";
			};
			name = Debug;
		};
		6ED1248E24C64849007A6DD6 /* Release */ = {
			isa = XCBuildConfiguration;
			baseConfigurationReference = FFB2F06F4C98E6D49E07BE39 /* Pods-InternshipsAssessment.release.xcconfig */;
			buildSettings = {
				ASSETCATALOG_COMPILER_APPICON_NAME = AppIcon;
				CODE_SIGN_STYLE = Automatic;
				DEVELOPMENT_TEAM = 8G56JB8SSS;
				INFOPLIST_FILE = InternshipsAssessment/Info.plist;
				LD_RUNPATH_SEARCH_PATHS = (
					"$(inherited)",
					"@executable_path/Frameworks",
				);
				PRODUCT_BUNDLE_IDENTIFIER = eldeeb.sherif.InternshipsAssessment;
				PRODUCT_NAME = "$(TARGET_NAME)";
				SWIFT_VERSION = 5.0;
				TARGETED_DEVICE_FAMILY = "1,2";
			};
			name = Release;
		};
/* End XCBuildConfiguration section */

/* Begin XCConfigurationList section */
		6ED1247324C64844007A6DD6 /* Build configuration list for PBXProject "InternshipsAssessment" */ = {
			isa = XCConfigurationList;
			buildConfigurations = (
				6ED1248A24C64849007A6DD6 /* Debug */,
				6ED1248B24C64849007A6DD6 /* Release */,
			);
			defaultConfigurationIsVisible = 0;
			defaultConfigurationName = Release;
		};
		6ED1248C24C64849007A6DD6 /* Build configuration list for PBXNativeTarget "InternshipsAssessment" */ = {
			isa = XCConfigurationList;
			buildConfigurations = (
				6ED1248D24C64849007A6DD6 /* Debug */,
				6ED1248E24C64849007A6DD6 /* Release */,
			);
			defaultConfigurationIsVisible = 0;
			defaultConfigurationName = Release;
		};
/* End XCConfigurationList section */
	};
	rootObject = 6ED1247024C64844007A6DD6 /* Project object */;
}
